
Microsoft Visual Studio Solution File, Format Version 12.00
# Visual Studio 15
VisualStudioVersion = 15.0.28010.2036
MinimumVisualStudioVersion = 10.0.40219.1
Project("{FAE04EC0-301F-11D3-BF4B-00C04F79EFBC}") = "Client", "Client\Client.csproj", "{8E392799-D722-4C81-BE89-1EEBD83A6371}"
EndProject
Project("{E24C65DC-7377-472B-9ABA-BC803B73C61A}") = "RestaurantBookingService", "RestaurantBookingService\", "{77C70E13-72E8-4302-A659-0E9676B08A9F}"
	ProjectSection(WebsiteProperties) = preProject
		TargetFrameworkMoniker = ".NETFramework,Version%3Dv4.6.1"
		Debug.AspNetCompiler.VirtualPath = "/localhost_59558"
		Debug.AspNetCompiler.PhysicalPath = "RestaurantBookingService\"
		Debug.AspNetCompiler.TargetPath = "PrecompiledWeb\localhost_59558\"
		Debug.AspNetCompiler.Updateable = "true"
		Debug.AspNetCompiler.ForceOverwrite = "true"
		Debug.AspNetCompiler.FixedNames = "false"
		Debug.AspNetCompiler.Debug = "True"
		Release.AspNetCompiler.VirtualPath = "/localhost_59558"
		Release.AspNetCompiler.PhysicalPath = "RestaurantBookingService\"
		Release.AspNetCompiler.TargetPath = "PrecompiledWeb\localhost_59558\"
		Release.AspNetCompiler.Updateable = "true"
		Release.AspNetCompiler.ForceOverwrite = "true"
		Release.AspNetCompiler.FixedNames = "false"
		Release.AspNetCompiler.Debug = "False"
		VWDPort = "59558"
		SlnRelativePath = "RestaurantBookingService\"
		DefaultWebSiteLanguage = "Visual C#"
	EndProjectSection
EndProject
Project("{FAE04EC0-301F-11D3-BF4B-00C04F79EFBC}") = "RestaurantDesktopClient", "RestaurantDesktopClient\RestaurantDesktopClient.csproj", "{C266915F-9F3A-46EE-9D32-EF8F6DFF6DAB}"
EndProject
Project("{FAE04EC0-301F-11D3-BF4B-00C04F79EFBC}") = "UserWebClient", "UserWebClient\UserWebClient.csproj", "{B26B7D4D-9A59-462C-9778-F9C241D7DD24}"
EndProject
Global
	GlobalSection(SolutionConfigurationPlatforms) = preSolution
		Debug|Any CPU = Debug|Any CPU
		Release|Any CPU = Release|Any CPU
	EndGlobalSection
	GlobalSection(ProjectConfigurationPlatforms) = postSolution
		{8E392799-D722-4C81-BE89-1EEBD83A6371}.Debug|Any CPU.ActiveCfg = Debug|Any CPU
		{8E392799-D722-4C81-BE89-1EEBD83A6371}.Debug|Any CPU.Build.0 = Debug|Any CPU
		{8E392799-D722-4C81-BE89-1EEBD83A6371}.Release|Any CPU.ActiveCfg = Release|Any CPU
		{8E392799-D722-4C81-BE89-1EEBD83A6371}.Release|Any CPU.Build.0 = Release|Any CPU
		{77C70E13-72E8-4302-A659-0E9676B08A9F}.Debug|Any CPU.ActiveCfg = Debug|Any CPU
		{77C70E13-72E8-4302-A659-0E9676B08A9F}.Debug|Any CPU.Build.0 = Debug|Any CPU
		{77C70E13-72E8-4302-A659-0E9676B08A9F}.Release|Any CPU.ActiveCfg = Debug|Any CPU
		{77C70E13-72E8-4302-A659-0E9676B08A9F}.Release|Any CPU.Build.0 = Debug|Any CPU
		{C266915F-9F3A-46EE-9D32-EF8F6DFF6DAB}.Debug|Any CPU.ActiveCfg = Debug|Any CPU
		{C266915F-9F3A-46EE-9D32-EF8F6DFF6DAB}.Debug|Any CPU.Build.0 = Debug|Any CPU
		{C266915F-9F3A-46EE-9D32-EF8F6DFF6DAB}.Release|Any CPU.ActiveCfg = Release|Any CPU
		{C266915F-9F3A-46EE-9D32-EF8F6DFF6DAB}.Release|Any CPU.Build.0 = Release|Any CPU
		{B26B7D4D-9A59-462C-9778-F9C241D7DD24}.Debug|Any CPU.ActiveCfg = Debug|Any CPU
		{B26B7D4D-9A59-462C-9778-F9C241D7DD24}.Debug|Any CPU.Build.0 = Debug|Any CPU
		{B26B7D4D-9A59-462C-9778-F9C241D7DD24}.Release|Any CPU.ActiveCfg = Release|Any CPU
		{B26B7D4D-9A59-462C-9778-F9C241D7DD24}.Release|Any CPU.Build.0 = Release|Any CPU
	EndGlobalSection
	GlobalSection(SolutionProperties) = preSolution
		HideSolutionNode = FALSE
	EndGlobalSection
	GlobalSection(ExtensibilityGlobals) = postSolution
		SolutionGuid = {EC4AAEA8-4380-4300-A7FE-DFCB4E2F6394}
	EndGlobalSection
EndGlobal
